
Microsoft Visual Studio Solution File, Format Version 12.00
# Visual Studio Version 17
VisualStudioVersion = 17.3.32901.215
MinimumVisualStudioVersion = 10.0.40219.1
Project("{FAE04EC0-301F-11D3-BF4B-00C04F79EFBC}") = "Hearts", "FolkPoker\Hearts.csproj", "{70E076E8-CB78-4F97-A86B-32B87AF41366}"
EndProject
Project("{FAE04EC0-301F-11D3-BF4B-00C04F79EFBC}") = "HeartsModels", "FolkPokerModes\HeartsModels.csproj", "{E396322D-1F39-4F85-84D3-3A6AA9AE196A}"
EndProject
Project("{FAE04EC0-301F-11D3-BF4B-00C04F79EFBC}") = "Common", "Common\Common.csproj", "{172B1093-8BD2-4F4C-B847-6174C78A9FA7}"
EndProject
Project("{FAE04EC0-301F-11D3-BF4B-00C04F79EFBC}") = "HeartsBLL", "FolkPokerBLL\HeartsBLL.csproj", "{B79A6E0B-0638-4FB9-A086-C972B0F071C1}"
EndProject
Global
	GlobalSection(SolutionConfigurationPlatforms) = preSolution
		Debug|Any CPU = Debug|Any CPU
		Release|Any CPU = Release|Any CPU
	EndGlobalSection
	GlobalSection(ProjectConfigurationPlatforms) = postSolution
		{70E076E8-CB78-4F97-A86B-32B87AF41366}.Debug|Any CPU.ActiveCfg = Debug|Any CPU
		{70E076E8-CB78-4F97-A86B-32B87AF41366}.Debug|Any CPU.Build.0 = Debug|Any CPU
		{70E076E8-CB78-4F97-A86B-32B87AF41366}.Release|Any CPU.ActiveCfg = Release|Any CPU
		{70E076E8-CB78-4F97-A86B-32B87AF41366}.Release|Any CPU.Build.0 = Release|Any CPU
		{E396322D-1F39-4F85-84D3-3A6AA9AE196A}.Debug|Any CPU.ActiveCfg = Debug|Any CPU
		{E396322D-1F39-4F85-84D3-3A6AA9AE196A}.Debug|Any CPU.Build.0 = Debug|Any CPU
		{E396322D-1F39-4F85-84D3-3A6AA9AE196A}.Release|Any CPU.ActiveCfg = Release|Any CPU
		{E396322D-1F39-4F85-84D3-3A6AA9AE196A}.Release|Any CPU.Build.0 = Release|Any CPU
		{172B1093-8BD2-4F4C-B847-6174C78A9FA7}.Debug|Any CPU.ActiveCfg = Debug|Any CPU
		{172B1093-8BD2-4F4C-B847-6174C78A9FA7}.Debug|Any CPU.Build.0 = Debug|Any CPU
		{172B1093-8BD2-4F4C-B847-6174C78A9FA7}.Release|Any CPU.ActiveCfg = Release|Any CPU
		{172B1093-8BD2-4F4C-B847-6174C78A9FA7}.Release|Any CPU.Build.0 = Release|Any CPU
		{B79A6E0B-0638-4FB9-A086-C972B0F071C1}.Debug|Any CPU.ActiveCfg = Debug|Any CPU
		{B79A6E0B-0638-4FB9-A086-C972B0F071C1}.Debug|Any CPU.Build.0 = Debug|Any CPU
		{B79A6E0B-0638-4FB9-A086-C972B0F071C1}.Release|Any CPU.ActiveCfg = Release|Any CPU
		{B79A6E0B-0638-4FB9-A086-C972B0F071C1}.Release|Any CPU.Build.0 = Release|Any CPU
	EndGlobalSection
	GlobalSection(SolutionProperties) = preSolution
		HideSolutionNode = FALSE
	EndGlobalSection
	GlobalSection(ExtensibilityGlobals) = postSolution
		SolutionGuid = {721E1200-81DC-4D83-B664-E88F39FF3618}
	EndGlobalSection
EndGlobal
